
Microsoft Visual Studio Solution File, Format Version 12.00
# Visual Studio Version 17
VisualStudioVersion = 17.3.32825.248
MinimumVisualStudioVersion = 10.0.40219.1
Project("{8BC9CEB8-8B4A-11D0-8D11-00A0C91BC942}") = "pract1zadanie12", "pract1zadanie12.vcxproj", "{76D71DAF-1FA2-4F55-B472-273A18BEA298}"
EndProject
Global
	GlobalSection(SolutionConfigurationPlatforms) = preSolution
		Debug|x64 = Debug|x64
		Debug|x86 = Debug|x86
		Release|x64 = Release|x64
		Release|x86 = Release|x86
	EndGlobalSection
	GlobalSection(ProjectConfigurationPlatforms) = postSolution
		{76D71DAF-1FA2-4F55-B472-273A18BEA298}.Debug|x64.ActiveCfg = Debug|x64
		{76D71DAF-1FA2-4F55-B472-273A18BEA298}.Debug|x64.Build.0 = Debug|x64
		{76D71DAF-1FA2-4F55-B472-273A18BEA298}.Debug|x86.ActiveCfg = Debug|Win32
		{76D71DAF-1FA2-4F55-B472-273A18BEA298}.Debug|x86.Build.0 = Debug|Win32
		{76D71DAF-1FA2-4F55-B472-273A18BEA298}.Release|x64.ActiveCfg = Release|x64
		{76D71DAF-1FA2-4F55-B472-273A18BEA298}.Release|x64.Build.0 = Release|x64
		{76D71DAF-1FA2-4F55-B472-273A18BEA298}.Release|x86.ActiveCfg = Release|Win32
		{76D71DAF-1FA2-4F55-B472-273A18BEA298}.Release|x86.Build.0 = Release|Win32
	EndGlobalSection
	GlobalSection(SolutionProperties) = preSolution
		HideSolutionNode = FALSE
	EndGlobalSection
	GlobalSection(ExtensibilityGlobals) = postSolution
		SolutionGuid = {3222DD85-D996-4862-AD47-A2A368B6BB10}
	EndGlobalSection
EndGlobal
